<?xml version="1.0" encoding="utf-8"?>
<Project ToolsVersion="4.0" xmlns="http://schemas.microsoft.com/developer/msbuild/2003">
  <ItemGroup>
    <Filter Include="src">
      <UniqueIdentifier>{e19da022-f603-4a55-a520-f430ded17ae6}</UniqueIdentifier>
    </Filter>
    <Filter Include="src\ofxSquashBuddies">
      <UniqueIdentifier>{5e7f451c-8cfb-48eb-a456-45cda9d41607}</UniqueIdentifier>
    </Filter>
  </ItemGroup>
  <ItemGroup>
    <ClInclude Include="..\src\ofxSquashBuddies.h">
      <Filter>src</Filter>
    </ClInclude>
    <ClInclude Include="..\src\ofxSquashBuddies\Constants.h">
      <Filter>src\ofxSquashBuddies</Filter>
    </ClInclude>
    <ClInclude Include="..\src\ofxSquashBuddies\FrameBuffer.h">
      <Filter>src\ofxSquashBuddies</Filter>
    </ClInclude>
    <ClInclude Include="..\src\ofxSquashBuddies\Message.h">
      <Filter>src\ofxSquashBuddies</Filter>
    </ClInclude>
    <ClInclude Include="..\src\ofxSquashBuddies\Packet.h">
      <Filter>src\ofxSquashBuddies</Filter>
    </ClInclude>
    <ClInclude Include="..\src\ofxSquashBuddies\Receiver.h">
      <Filter>src\ofxSquashBuddies</Filter>
    </ClInclude>
    <ClInclude Include="..\src\ofxSquashBuddies\Sender.h">
      <Filter>src\ofxSquashBuddies</Filter>
    </ClInclude>
    <ClInclude Include="..\src\ofxSquashBuddies\ThingsInCommon.h">
      <Filter>src\ofxSquashBuddies</Filter>
    </ClInclude>
  </ItemGroup>
  <ItemGroup>
    <ClCompile Include="..\src\ofxSquashBuddies\FrameBuffer.cpp">
      <Filter>src\ofxSquashBuddies</Filter>
    </ClCompile>
    <ClCompile Include="..\src\ofxSquashBuddies\Message.cpp">
      <Filter>src\ofxSquashBuddies</Filter>
    </ClCompile>
    <ClCompile Include="..\src\ofxSquashBuddies\Receiver.cpp">
      <Filter>src\ofxSquashBuddies</Filter>
    </ClCompile>
    <ClCompile Include="..\src\ofxSquashBuddies\Sender.cpp">
      <Filter>src\ofxSquashBuddies</Filter>
    </ClCompile>
    <ClCompile Include="..\src\ofxSquashBuddies\ThingsInCommon.cpp">
      <Filter>src\ofxSquashBuddies</Filter>
    </ClCompile>
  </ItemGroup>
</Project>